// !$*UTF8*$!
{
	archiveVersion = 1;
	classes = {
	};
	objectVersion = 56;
	objects = {

/* Begin PBXBuildFile section */
		6B1724252C04429000CED413 /* PrivacySettingsView.swift in Sources */ = {isa = PBXBuildFile; fileRef = 6B1724242C04429000CED413 /* PrivacySettingsView.swift */; };
		6B2226B72C0210F600205127 /* ComsocreAnalyticsClient.swift in Sources */ = {isa = PBXBuildFile; fileRef = 6B2226B62C0210F600205127 /* ComsocreAnalyticsClient.swift */; };
		6B25117E2BFD7B2200EB7861 /* ProfileViewController.swift in Sources */ = {isa = PBXBuildFile; fileRef = 6B25117D2BFD7B2200EB7861 /* ProfileViewController.swift */; };
		6B2511802BFDC3CD00EB7861 /* SettingsViewController.swift in Sources */ = {isa = PBXBuildFile; fileRef = 6B25117F2BFDC3CD00EB7861 /* SettingsViewController.swift */; };
		6B2511822BFDC48F00EB7861 /* BookmarkingViewController.swift in Sources */ = {isa = PBXBuildFile; fileRef = 6B2511812BFDC48F00EB7861 /* BookmarkingViewController.swift */; };
		6B2511842BFDED1C00EB7861 /* AnalyticsProtocol.swift in Sources */ = {isa = PBXBuildFile; fileRef = 6B2511832BFDED1C00EB7861 /* AnalyticsProtocol.swift */; };
		6B2511892BFDF1CC00EB7861 /* AnalyticsManager.swift in Sources */ = {isa = PBXBuildFile; fileRef = 6B2511882BFDF1CC00EB7861 /* AnalyticsManager.swift */; };
		6B25118B2BFDF1EC00EB7861 /* GA4Client.swift in Sources */ = {isa = PBXBuildFile; fileRef = 6B25118A2BFDF1EC00EB7861 /* GA4Client.swift */; };
		6B2FA8812C05BA2A0042AA70 /* ProfileViewDetail.swift in Sources */ = {isa = PBXBuildFile; fileRef = 6B2FA8802C05BA2A0042AA70 /* ProfileViewDetail.swift */; };
		6B3F5C2B2B2E9F54000CF0CB /* AppDelegate.swift in Sources */ = {isa = PBXBuildFile; fileRef = 6B3F5C2A2B2E9F54000CF0CB /* AppDelegate.swift */; };
		6B3F5C2D2B2E9F54000CF0CB /* SceneDelegate.swift in Sources */ = {isa = PBXBuildFile; fileRef = 6B3F5C2C2B2E9F54000CF0CB /* SceneDelegate.swift */; };
		6B3F5C2F2B2E9F54000CF0CB /* ViewController.swift in Sources */ = {isa = PBXBuildFile; fileRef = 6B3F5C2E2B2E9F54000CF0CB /* ViewController.swift */; };
		6B3F5C322B2E9F54000CF0CB /* Main.storyboard in Resources */ = {isa = PBXBuildFile; fileRef = 6B3F5C302B2E9F54000CF0CB /* Main.storyboard */; };
		6B3F5C342B2E9F54000CF0CB /* Assets.xcassets in Resources */ = {isa = PBXBuildFile; fileRef = 6B3F5C332B2E9F54000CF0CB /* Assets.xcassets */; };
		6B3F5C372B2E9F54000CF0CB /* LaunchScreen.storyboard in Resources */ = {isa = PBXBuildFile; fileRef = 6B3F5C352B2E9F54000CF0CB /* LaunchScreen.storyboard */; };
		6B3F5C422B2E9F54000CF0CB /* LearnGitTests.swift in Sources */ = {isa = PBXBuildFile; fileRef = 6B3F5C412B2E9F54000CF0CB /* LearnGitTests.swift */; };
		6B3F5C4C2B2E9F54000CF0CB /* LearnGitUITests.swift in Sources */ = {isa = PBXBuildFile; fileRef = 6B3F5C4B2B2E9F54000CF0CB /* LearnGitUITests.swift */; };
		6B3F5C4E2B2E9F54000CF0CB /* LearnGitUITestsLaunchTests.swift in Sources */ = {isa = PBXBuildFile; fileRef = 6B3F5C4D2B2E9F54000CF0CB /* LearnGitUITestsLaunchTests.swift */; };
		6B6B1D232C02BC5F004BB50A /* StantonAnalyticsClient.swift in Sources */ = {isa = PBXBuildFile; fileRef = 6B6B1D222C02BC5F004BB50A /* StantonAnalyticsClient.swift */; };
		6BE191AA2BFED1C7000283DC /* SomeOtherAnalyticsClient.swift in Sources */ = {isa = PBXBuildFile; fileRef = 6BE191A92BFED1C7000283DC /* SomeOtherAnalyticsClient.swift */; };
		6BF5D9F12C01D48F00D554C8 /* PermutiveAnalyticsClient.swift in Sources */ = {isa = PBXBuildFile; fileRef = 6BF5D9F02C01D48F00D554C8 /* PermutiveAnalyticsClient.swift */; };
/* End PBXBuildFile section */

/* Begin PBXContainerItemProxy section */
		6B3F5C3E2B2E9F54000CF0CB /* PBXContainerItemProxy */ = {
			isa = PBXContainerItemProxy;
			containerPortal = 6B3F5C1F2B2E9F54000CF0CB /* Project object */;
			proxyType = 1;
			remoteGlobalIDString = 6B3F5C262B2E9F54000CF0CB;
			remoteInfo = LearnGit;
		};
		6B3F5C482B2E9F54000CF0CB /* PBXContainerItemProxy */ = {
			isa = PBXContainerItemProxy;
			containerPortal = 6B3F5C1F2B2E9F54000CF0CB /* Project object */;
			proxyType = 1;
			remoteGlobalIDString = 6B3F5C262B2E9F54000CF0CB;
			remoteInfo = LearnGit;
		};
/* End PBXContainerItemProxy section */

/* Begin PBXFileReference section */
		6B1724242C04429000CED413 /* PrivacySettingsView.swift */ = {isa = PBXFileReference; lastKnownFileType = sourcecode.swift; path = PrivacySettingsView.swift; sourceTree = "<group>"; };
		6B2226B62C0210F600205127 /* ComsocreAnalyticsClient.swift */ = {isa = PBXFileReference; lastKnownFileType = sourcecode.swift; path = ComsocreAnalyticsClient.swift; sourceTree = "<group>"; };
		6B25117D2BFD7B2200EB7861 /* ProfileViewController.swift */ = {isa = PBXFileReference; lastKnownFileType = sourcecode.swift; path = ProfileViewController.swift; sourceTree = "<group>"; };
		6B25117F2BFDC3CD00EB7861 /* SettingsViewController.swift */ = {isa = PBXFileReference; lastKnownFileType = sourcecode.swift; path = SettingsViewController.swift; sourceTree = "<group>"; };
		6B2511812BFDC48F00EB7861 /* BookmarkingViewController.swift */ = {isa = PBXFileReference; lastKnownFileType = sourcecode.swift; path = BookmarkingViewController.swift; sourceTree = "<group>"; };
		6B2511832BFDED1C00EB7861 /* AnalyticsProtocol.swift */ = {isa = PBXFileReference; lastKnownFileType = sourcecode.swift; path = AnalyticsProtocol.swift; sourceTree = "<group>"; };
		6B2511882BFDF1CC00EB7861 /* AnalyticsManager.swift */ = {isa = PBXFileReference; lastKnownFileType = sourcecode.swift; path = AnalyticsManager.swift; sourceTree = "<group>"; };
		6B25118A2BFDF1EC00EB7861 /* GA4Client.swift */ = {isa = PBXFileReference; lastKnownFileType = sourcecode.swift; path = GA4Client.swift; sourceTree = "<group>"; };
		6B2FA8802C05BA2A0042AA70 /* ProfileViewDetail.swift */ = {isa = PBXFileReference; lastKnownFileType = sourcecode.swift; path = ProfileViewDetail.swift; sourceTree = "<group>"; };
		6B3F5C272B2E9F54000CF0CB /* LearnGit.app */ = {isa = PBXFileReference; explicitFileType = wrapper.application; includeInIndex = 0; path = LearnGit.app; sourceTree = BUILT_PRODUCTS_DIR; };
		6B3F5C2A2B2E9F54000CF0CB /* AppDelegate.swift */ = {isa = PBXFileReference; lastKnownFileType = sourcecode.swift; path = AppDelegate.swift; sourceTree = "<group>"; };
		6B3F5C2C2B2E9F54000CF0CB /* SceneDelegate.swift */ = {isa = PBXFileReference; lastKnownFileType = sourcecode.swift; path = SceneDelegate.swift; sourceTree = "<group>"; };
		6B3F5C2E2B2E9F54000CF0CB /* ViewController.swift */ = {isa = PBXFileReference; lastKnownFileType = sourcecode.swift; path = ViewController.swift; sourceTree = "<group>"; };
		6B3F5C312B2E9F54000CF0CB /* Base */ = {isa = PBXFileReference; lastKnownFileType = file.storyboard; name = Base; path = Base.lproj/Main.storyboard; sourceTree = "<group>"; };
		6B3F5C332B2E9F54000CF0CB /* Assets.xcassets */ = {isa = PBXFileReference; lastKnownFileType = folder.assetcatalog; path = Assets.xcassets; sourceTree = "<group>"; };
		6B3F5C362B2E9F54000CF0CB /* Base */ = {isa = PBXFileReference; lastKnownFileType = file.storyboard; name = Base; path = Base.lproj/LaunchScreen.storyboard; sourceTree = "<group>"; };
		6B3F5C382B2E9F54000CF0CB /* Info.plist */ = {isa = PBXFileReference; lastKnownFileType = text.plist.xml; path = Info.plist; sourceTree = "<group>"; };
		6B3F5C3D2B2E9F54000CF0CB /* LearnGitTests.xctest */ = {isa = PBXFileReference; explicitFileType = wrapper.cfbundle; includeInIndex = 0; path = LearnGitTests.xctest; sourceTree = BUILT_PRODUCTS_DIR; };
		6B3F5C412B2E9F54000CF0CB /* LearnGitTests.swift */ = {isa = PBXFileReference; lastKnownFileType = sourcecode.swift; path = LearnGitTests.swift; sourceTree = "<group>"; };
		6B3F5C472B2E9F54000CF0CB /* LearnGitUITests.xctest */ = {isa = PBXFileReference; explicitFileType = wrapper.cfbundle; includeInIndex = 0; path = LearnGitUITests.xctest; sourceTree = BUILT_PRODUCTS_DIR; };
		6B3F5C4B2B2E9F54000CF0CB /* LearnGitUITests.swift */ = {isa = PBXFileReference; lastKnownFileType = sourcecode.swift; path = LearnGitUITests.swift; sourceTree = "<group>"; };
		6B3F5C4D2B2E9F54000CF0CB /* LearnGitUITestsLaunchTests.swift */ = {isa = PBXFileReference; lastKnownFileType = sourcecode.swift; path = LearnGitUITestsLaunchTests.swift; sourceTree = "<group>"; };
		6B6B1D222C02BC5F004BB50A /* StantonAnalyticsClient.swift */ = {isa = PBXFileReference; lastKnownFileType = sourcecode.swift; path = StantonAnalyticsClient.swift; sourceTree = "<group>"; };
		6BE191A92BFED1C7000283DC /* SomeOtherAnalyticsClient.swift */ = {isa = PBXFileReference; lastKnownFileType = sourcecode.swift; path = SomeOtherAnalyticsClient.swift; sourceTree = "<group>"; };
		6BF5D9F02C01D48F00D554C8 /* PermutiveAnalyticsClient.swift */ = {isa = PBXFileReference; lastKnownFileType = sourcecode.swift; path = PermutiveAnalyticsClient.swift; sourceTree = "<group>"; };
/* End PBXFileReference section */

/* Begin PBXFrameworksBuildPhase section */
		6B3F5C242B2E9F54000CF0CB /* Frameworks */ = {
			isa = PBXFrameworksBuildPhase;
			buildActionMask = 2147483647;
			files = (
			);
			runOnlyForDeploymentPostprocessing = 0;
		};
		6B3F5C3A2B2E9F54000CF0CB /* Frameworks */ = {
			isa = PBXFrameworksBuildPhase;
			buildActionMask = 2147483647;
			files = (
			);
			runOnlyForDeploymentPostprocessing = 0;
		};
		6B3F5C442B2E9F54000CF0CB /* Frameworks */ = {
			isa = PBXFrameworksBuildPhase;
			buildActionMask = 2147483647;
			files = (
			);
			runOnlyForDeploymentPostprocessing = 0;
		};
/* End PBXFrameworksBuildPhase section */

/* Begin PBXGroup section */
		6B2511872BFDF1B100EB7861 /* Analytics */ = {
			isa = PBXGroup;
			children = (
				6B2511832BFDED1C00EB7861 /* AnalyticsProtocol.swift */,
				6B2511882BFDF1CC00EB7861 /* AnalyticsManager.swift */,
				6B25118A2BFDF1EC00EB7861 /* GA4Client.swift */,
				6BE191A92BFED1C7000283DC /* SomeOtherAnalyticsClient.swift */,
				6BF5D9F02C01D48F00D554C8 /* PermutiveAnalyticsClient.swift */,
				6B2226B62C0210F600205127 /* ComsocreAnalyticsClient.swift */,
				6B6B1D222C02BC5F004BB50A /* StantonAnalyticsClient.swift */,
				6B1724242C04429000CED413 /* PrivacySettingsView.swift */,
			);
			path = Analytics;
			sourceTree = "<group>";
		};
		6B3F5C1E2B2E9F54000CF0CB = {
			isa = PBXGroup;
			children = (
				6B3F5C292B2E9F54000CF0CB /* LearnGit */,
				6B3F5C402B2E9F54000CF0CB /* LearnGitTests */,
				6B3F5C4A2B2E9F54000CF0CB /* LearnGitUITests */,
				6B3F5C282B2E9F54000CF0CB /* Products */,
			);
			sourceTree = "<group>";
		};
		6B3F5C282B2E9F54000CF0CB /* Products */ = {
			isa = PBXGroup;
			children = (
				6B3F5C272B2E9F54000CF0CB /* LearnGit.app */,
				6B3F5C3D2B2E9F54000CF0CB /* LearnGitTests.xctest */,
				6B3F5C472B2E9F54000CF0CB /* LearnGitUITests.xctest */,
			);
			name = Products;
			sourceTree = "<group>";
		};
		6B3F5C292B2E9F54000CF0CB /* LearnGit */ = {
			isa = PBXGroup;
			children = (
				6B2511872BFDF1B100EB7861 /* Analytics */,
				6B3F5C2A2B2E9F54000CF0CB /* AppDelegate.swift */,
				6B3F5C2C2B2E9F54000CF0CB /* SceneDelegate.swift */,
				6B3F5C2E2B2E9F54000CF0CB /* ViewController.swift */,
				6B25117D2BFD7B2200EB7861 /* ProfileViewController.swift */,
				6B2FA8802C05BA2A0042AA70 /* ProfileViewDetail.swift */,
				6B25117F2BFDC3CD00EB7861 /* SettingsViewController.swift */,
				6B2511812BFDC48F00EB7861 /* BookmarkingViewController.swift */,
				6B3F5C302B2E9F54000CF0CB /* Main.storyboard */,
				6B3F5C332B2E9F54000CF0CB /* Assets.xcassets */,
				6B3F5C352B2E9F54000CF0CB /* LaunchScreen.storyboard */,
				6B3F5C382B2E9F54000CF0CB /* Info.plist */,
			);
			path = LearnGit;
			sourceTree = "<group>";
		};
		6B3F5C402B2E9F54000CF0CB /* LearnGitTests */ = {
			isa = PBXGroup;
			children = (
				6B3F5C412B2E9F54000CF0CB /* LearnGitTests.swift */,
			);
			path = LearnGitTests;
			sourceTree = "<group>";
		};
		6B3F5C4A2B2E9F54000CF0CB /* LearnGitUITests */ = {
			isa = PBXGroup;
			children = (
				6B3F5C4B2B2E9F54000CF0CB /* LearnGitUITests.swift */,
				6B3F5C4D2B2E9F54000CF0CB /* LearnGitUITestsLaunchTests.swift */,
			);
			path = LearnGitUITests;
			sourceTree = "<group>";
		};
/* End PBXGroup section */

/* Begin PBXNativeTarget section */
		6B3F5C262B2E9F54000CF0CB /* LearnGit */ = {
			isa = PBXNativeTarget;
			buildConfigurationList = 6B3F5C512B2E9F54000CF0CB /* Build configuration list for PBXNativeTarget "LearnGit" */;
			buildPhases = (
				6B3F5C232B2E9F54000CF0CB /* Sources */,
				6B3F5C242B2E9F54000CF0CB /* Frameworks */,
				6B3F5C252B2E9F54000CF0CB /* Resources */,
			);
			buildRules = (
			);
			dependencies = (
			);
			name = LearnGit;
			productName = LearnGit;
			productReference = 6B3F5C272B2E9F54000CF0CB /* LearnGit.app */;
			productType = "com.apple.product-type.application";
		};
		6B3F5C3C2B2E9F54000CF0CB /* LearnGitTests */ = {
			isa = PBXNativeTarget;
			buildConfigurationList = 6B3F5C542B2E9F54000CF0CB /* Build configuration list for PBXNativeTarget "LearnGitTests" */;
			buildPhases = (
				6B3F5C392B2E9F54000CF0CB /* Sources */,
				6B3F5C3A2B2E9F54000CF0CB /* Frameworks */,
				6B3F5C3B2B2E9F54000CF0CB /* Resources */,
			);
			buildRules = (
			);
			dependencies = (
				6B3F5C3F2B2E9F54000CF0CB /* PBXTargetDependency */,
			);
			name = LearnGitTests;
			productName = LearnGitTests;
			productReference = 6B3F5C3D2B2E9F54000CF0CB /* LearnGitTests.xctest */;
			productType = "com.apple.product-type.bundle.unit-test";
		};
		6B3F5C462B2E9F54000CF0CB /* LearnGitUITests */ = {
			isa = PBXNativeTarget;
			buildConfigurationList = 6B3F5C572B2E9F54000CF0CB /* Build configuration list for PBXNativeTarget "LearnGitUITests" */;
			buildPhases = (
				6B3F5C432B2E9F54000CF0CB /* Sources */,
				6B3F5C442B2E9F54000CF0CB /* Frameworks */,
				6B3F5C452B2E9F54000CF0CB /* Resources */,
			);
			buildRules = (
			);
			dependencies = (
				6B3F5C492B2E9F54000CF0CB /* PBXTargetDependency */,
			);
			name = LearnGitUITests;
			productName = LearnGitUITests;
			productReference = 6B3F5C472B2E9F54000CF0CB /* LearnGitUITests.xctest */;
			productType = "com.apple.product-type.bundle.ui-testing";
		};
/* End PBXNativeTarget section */

/* Begin PBXProject section */
		6B3F5C1F2B2E9F54000CF0CB /* Project object */ = {
			isa = PBXProject;
			attributes = {
				BuildIndependentTargetsInParallel = 1;
				LastSwiftUpdateCheck = 1500;
				LastUpgradeCheck = 1500;
				TargetAttributes = {
					6B3F5C262B2E9F54000CF0CB = {
						CreatedOnToolsVersion = 15.0.1;
					};
					6B3F5C3C2B2E9F54000CF0CB = {
						CreatedOnToolsVersion = 15.0.1;
						TestTargetID = 6B3F5C262B2E9F54000CF0CB;
					};
					6B3F5C462B2E9F54000CF0CB = {
						CreatedOnToolsVersion = 15.0.1;
						TestTargetID = 6B3F5C262B2E9F54000CF0CB;
					};
				};
			};
			buildConfigurationList = 6B3F5C222B2E9F54000CF0CB /* Build configuration list for PBXProject "LearnGit" */;
			compatibilityVersion = "Xcode 14.0";
			developmentRegion = en;
			hasScannedForEncodings = 0;
			knownRegions = (
				en,
				Base,
			);
			mainGroup = 6B3F5C1E2B2E9F54000CF0CB;
			productRefGroup = 6B3F5C282B2E9F54000CF0CB /* Products */;
			projectDirPath = "";
			projectRoot = "";
			targets = (
				6B3F5C262B2E9F54000CF0CB /* LearnGit */,
				6B3F5C3C2B2E9F54000CF0CB /* LearnGitTests */,
				6B3F5C462B2E9F54000CF0CB /* LearnGitUITests */,
			);
		};
/* End PBXProject section */

/* Begin PBXResourcesBuildPhase section */
		6B3F5C252B2E9F54000CF0CB /* Resources */ = {
			isa = PBXResourcesBuildPhase;
			buildActionMask = 2147483647;
			files = (
				6B3F5C372B2E9F54000CF0CB /* LaunchScreen.storyboard in Resources */,
				6B3F5C342B2E9F54000CF0CB /* Assets.xcassets in Resources */,
				6B3F5C322B2E9F54000CF0CB /* Main.storyboard in Resources */,
			);
			runOnlyForDeploymentPostprocessing = 0;
		};
		6B3F5C3B2B2E9F54000CF0CB /* Resources */ = {
			isa = PBXResourcesBuildPhase;
			buildActionMask = 2147483647;
			files = (
			);
			runOnlyForDeploymentPostprocessing = 0;
		};
		6B3F5C452B2E9F54000CF0CB /* Resources */ = {
			isa = PBXResourcesBuildPhase;
			buildActionMask = 2147483647;
			files = (
			);
			runOnlyForDeploymentPostprocessing = 0;
		};
/* End PBXResourcesBuildPhase section */

/* Begin PBXSourcesBuildPhase section */
		6B3F5C232B2E9F54000CF0CB /* Sources */ = {
			isa = PBXSourcesBuildPhase;
			buildActionMask = 2147483647;
			files = (
				6BF5D9F12C01D48F00D554C8 /* PermutiveAnalyticsClient.swift in Sources */,
				6B2511892BFDF1CC00EB7861 /* AnalyticsManager.swift in Sources */,
				6B2511822BFDC48F00EB7861 /* BookmarkingViewController.swift in Sources */,
				6B2511842BFDED1C00EB7861 /* AnalyticsProtocol.swift in Sources */,
				6B1724252C04429000CED413 /* PrivacySettingsView.swift in Sources */,
				6B6B1D232C02BC5F004BB50A /* StantonAnalyticsClient.swift in Sources */,
				6B3F5C2F2B2E9F54000CF0CB /* ViewController.swift in Sources */,
				6BE191AA2BFED1C7000283DC /* SomeOtherAnalyticsClient.swift in Sources */,
				6B3F5C2B2B2E9F54000CF0CB /* AppDelegate.swift in Sources */,
				6B25118B2BFDF1EC00EB7861 /* GA4Client.swift in Sources */,
				6B25117E2BFD7B2200EB7861 /* ProfileViewController.swift in Sources */,
				6B2511802BFDC3CD00EB7861 /* SettingsViewController.swift in Sources */,
				6B2FA8812C05BA2A0042AA70 /* ProfileViewDetail.swift in Sources */,
				6B2226B72C0210F600205127 /* ComsocreAnalyticsClient.swift in Sources */,
				6B3F5C2D2B2E9F54000CF0CB /* SceneDelegate.swift in Sources */,
			);
			runOnlyForDeploymentPostprocessing = 0;
		};
		6B3F5C392B2E9F54000CF0CB /* Sources */ = {
			isa = PBXSourcesBuildPhase;
			buildActionMask = 2147483647;
			files = (
				6B3F5C422B2E9F54000CF0CB /* LearnGitTests.swift in Sources */,
			);
			runOnlyForDeploymentPostprocessing = 0;
		};
		6B3F5C432B2E9F54000CF0CB /* Sources */ = {
			isa = PBXSourcesBuildPhase;
			buildActionMask = 2147483647;
			files = (
				6B3F5C4E2B2E9F54000CF0CB /* LearnGitUITestsLaunchTests.swift in Sources */,
				6B3F5C4C2B2E9F54000CF0CB /* LearnGitUITests.swift in Sources */,
			);
			runOnlyForDeploymentPostprocessing = 0;
		};
/* End PBXSourcesBuildPhase section */

/* Begin PBXTargetDependency section */
		6B3F5C3F2B2E9F54000CF0CB /* PBXTargetDependency */ = {
			isa = PBXTargetDependency;
			target = 6B3F5C262B2E9F54000CF0CB /* LearnGit */;
			targetProxy = 6B3F5C3E2B2E9F54000CF0CB /* PBXContainerItemProxy */;
		};
		6B3F5C492B2E9F54000CF0CB /* PBXTargetDependency */ = {
			isa = PBXTargetDependency;
			target = 6B3F5C262B2E9F54000CF0CB /* LearnGit */;
			targetProxy = 6B3F5C482B2E9F54000CF0CB /* PBXContainerItemProxy */;
		};
/* End PBXTargetDependency section */

/* Begin PBXVariantGroup section */
		6B3F5C302B2E9F54000CF0CB /* Main.storyboard */ = {
			isa = PBXVariantGroup;
			children = (
				6B3F5C312B2E9F54000CF0CB /* Base */,
			);
			name = Main.storyboard;
			sourceTree = "<group>";
		};
		6B3F5C352B2E9F54000CF0CB /* LaunchScreen.storyboard */ = {
			isa = PBXVariantGroup;
			children = (
				6B3F5C362B2E9F54000CF0CB /* Base */,
			);
			name = LaunchScreen.storyboard;
			sourceTree = "<group>";
		};
/* End PBXVariantGroup section */

/* Begin XCBuildConfiguration section */
		6B3F5C4F2B2E9F54000CF0CB /* Debug */ = {
			isa = XCBuildConfiguration;
			buildSettings = {
				ALWAYS_SEARCH_USER_PATHS = NO;
				ASSETCATALOG_COMPILER_GENERATE_SWIFT_ASSET_SYMBOL_EXTENSIONS = YES;
				CLANG_ANALYZER_NONNULL = YES;
				CLANG_ANALYZER_NUMBER_OBJECT_CONVERSION = YES_AGGRESSIVE;
				CLANG_CXX_LANGUAGE_STANDARD = "gnu++20";
				CLANG_ENABLE_MODULES = YES;
				CLANG_ENABLE_OBJC_ARC = YES;
				CLANG_ENABLE_OBJC_WEAK = YES;
				CLANG_WARN_BLOCK_CAPTURE_AUTORELEASING = YES;
				CLANG_WARN_BOOL_CONVERSION = YES;
				CLANG_WARN_COMMA = YES;
				CLANG_WARN_CONSTANT_CONVERSION = YES;
				CLANG_WARN_DEPRECATED_OBJC_IMPLEMENTATIONS = YES;
				CLANG_WARN_DIRECT_OBJC_ISA_USAGE = YES_ERROR;
				CLANG_WARN_DOCUMENTATION_COMMENTS = YES;
				CLANG_WARN_EMPTY_BODY = YES;
				CLANG_WARN_ENUM_CONVERSION = YES;
				CLANG_WARN_INFINITE_RECURSION = YES;
				CLANG_WARN_INT_CONVERSION = YES;
				CLANG_WARN_NON_LITERAL_NULL_CONVERSION = YES;
				CLANG_WARN_OBJC_IMPLICIT_RETAIN_SELF = YES;
				CLANG_WARN_OBJC_LITERAL_CONVERSION = YES;
				CLANG_WARN_OBJC_ROOT_CLASS = YES_ERROR;
				CLANG_WARN_QUOTED_INCLUDE_IN_FRAMEWORK_HEADER = YES;
				CLANG_WARN_RANGE_LOOP_ANALYSIS = YES;
				CLANG_WARN_STRICT_PROTOTYPES = YES;
				CLANG_WARN_SUSPICIOUS_MOVE = YES;
				CLANG_WARN_UNGUARDED_AVAILABILITY = YES_AGGRESSIVE;
				CLANG_WARN_UNREACHABLE_CODE = YES;
				CLANG_WARN__DUPLICATE_METHOD_MATCH = YES;
				COPY_PHASE_STRIP = NO;
				DEBUG_INFORMATION_FORMAT = dwarf;
				ENABLE_STRICT_OBJC_MSGSEND = YES;
				ENABLE_TESTABILITY = YES;
				ENABLE_USER_SCRIPT_SANDBOXING = YES;
				GCC_C_LANGUAGE_STANDARD = gnu17;
				GCC_DYNAMIC_NO_PIC = NO;
				GCC_NO_COMMON_BLOCKS = YES;
				GCC_OPTIMIZATION_LEVEL = 0;
				GCC_PREPROCESSOR_DEFINITIONS = (
					"DEBUG=1",
					"$(inherited)",
				);
				GCC_WARN_64_TO_32_BIT_CONVERSION = YES;
				GCC_WARN_ABOUT_RETURN_TYPE = YES_ERROR;
				GCC_WARN_UNDECLARED_SELECTOR = YES;
				GCC_WARN_UNINITIALIZED_AUTOS = YES_AGGRESSIVE;
				GCC_WARN_UNUSED_FUNCTION = YES;
				GCC_WARN_UNUSED_VARIABLE = YES;
				IPHONEOS_DEPLOYMENT_TARGET = 17.0;
				LOCALIZATION_PREFERS_STRING_CATALOGS = YES;
				MTL_ENABLE_DEBUG_INFO = INCLUDE_SOURCE;
				MTL_FAST_MATH = YES;
				ONLY_ACTIVE_ARCH = YES;
				SDKROOT = iphoneos;
				SWIFT_ACTIVE_COMPILATION_CONDITIONS = "DEBUG $(inherited)";
				SWIFT_OPTIMIZATION_LEVEL = "-Onone";
			};
			name = Debug;
		};
		6B3F5C502B2E9F54000CF0CB /* Release */ = {
			isa = XCBuildConfiguration;
			buildSettings = {
				ALWAYS_SEARCH_USER_PATHS = NO;
				ASSETCATALOG_COMPILER_GENERATE_SWIFT_ASSET_SYMBOL_EXTENSIONS = YES;
				CLANG_ANALYZER_NONNULL = YES;
				CLANG_ANALYZER_NUMBER_OBJECT_CONVERSION = YES_AGGRESSIVE;
				CLANG_CXX_LANGUAGE_STANDARD = "gnu++20";
				CLANG_ENABLE_MODULES = YES;
				CLANG_ENABLE_OBJC_ARC = YES;
				CLANG_ENABLE_OBJC_WEAK = YES;
				CLANG_WARN_BLOCK_CAPTURE_AUTORELEASING = YES;
				CLANG_WARN_BOOL_CONVERSION = YES;
				CLANG_WARN_COMMA = YES;
				CLANG_WARN_CONSTANT_CONVERSION = YES;
				CLANG_WARN_DEPRECATED_OBJC_IMPLEMENTATIONS = YES;
				CLANG_WARN_DIRECT_OBJC_ISA_USAGE = YES_ERROR;
				CLANG_WARN_DOCUMENTATION_COMMENTS = YES;
				CLANG_WARN_EMPTY_BODY = YES;
				CLANG_WARN_ENUM_CONVERSION = YES;
				CLANG_WARN_INFINITE_RECURSION = YES;
				CLANG_WARN_INT_CONVERSION = YES;
				CLANG_WARN_NON_LITERAL_NULL_CONVERSION = YES;
				CLANG_WARN_OBJC_IMPLICIT_RETAIN_SELF = YES;
				CLANG_WARN_OBJC_LITERAL_CONVERSION = YES;
				CLANG_WARN_OBJC_ROOT_CLASS = YES_ERROR;
				CLANG_WARN_QUOTED_INCLUDE_IN_FRAMEWORK_HEADER = YES;
				CLANG_WARN_RANGE_LOOP_ANALYSIS = YES;
				CLANG_WARN_STRICT_PROTOTYPES = YES;
				CLANG_WARN_SUSPICIOUS_MOVE = YES;
				CLANG_WARN_UNGUARDED_AVAILABILITY = YES_AGGRESSIVE;
				CLANG_WARN_UNREACHABLE_CODE = YES;
				CLANG_WARN__DUPLICATE_METHOD_MATCH = YES;
				COPY_PHASE_STRIP = NO;
				DEBUG_INFORMATION_FORMAT = "dwarf-with-dsym";
				ENABLE_NS_ASSERTIONS = NO;
				ENABLE_STRICT_OBJC_MSGSEND = YES;
				ENABLE_USER_SCRIPT_SANDBOXING = YES;
				GCC_C_LANGUAGE_STANDARD = gnu17;
				GCC_NO_COMMON_BLOCKS = YES;
				GCC_WARN_64_TO_32_BIT_CONVERSION = YES;
				GCC_WARN_ABOUT_RETURN_TYPE = YES_ERROR;
				GCC_WARN_UNDECLARED_SELECTOR = YES;
				GCC_WARN_UNINITIALIZED_AUTOS = YES_AGGRESSIVE;
				GCC_WARN_UNUSED_FUNCTION = YES;
				GCC_WARN_UNUSED_VARIABLE = YES;
				IPHONEOS_DEPLOYMENT_TARGET = 17.0;
				LOCALIZATION_PREFERS_STRING_CATALOGS = YES;
				MTL_ENABLE_DEBUG_INFO = NO;
				MTL_FAST_MATH = YES;
				SDKROOT = iphoneos;
				SWIFT_COMPILATION_MODE = wholemodule;
				VALIDATE_PRODUCT = YES;
			};
			name = Release;
		};
		6B3F5C522B2E9F54000CF0CB /* Debug */ = {
			isa = XCBuildConfiguration;
			buildSettings = {
				ASSETCATALOG_COMPILER_APPICON_NAME = AppIcon;
				ASSETCATALOG_COMPILER_GLOBAL_ACCENT_COLOR_NAME = AccentColor;
				CODE_SIGN_STYLE = Automatic;
				CURRENT_PROJECT_VERSION = 2;
				DEVELOPMENT_TEAM = JBV3W4KY5D;
				GENERATE_INFOPLIST_FILE = YES;
				INFOPLIST_FILE = LearnGit/Info.plist;
				INFOPLIST_KEY_UIApplicationSupportsIndirectInputEvents = YES;
				INFOPLIST_KEY_UILaunchStoryboardName = LaunchScreen;
				INFOPLIST_KEY_UIMainStoryboardFile = Main;
				INFOPLIST_KEY_UISupportedInterfaceOrientations_iPad = "UIInterfaceOrientationPortrait UIInterfaceOrientationPortraitUpsideDown UIInterfaceOrientationLandscapeLeft UIInterfaceOrientationLandscapeRight";
				INFOPLIST_KEY_UISupportedInterfaceOrientations_iPhone = "UIInterfaceOrientationPortrait UIInterfaceOrientationLandscapeLeft UIInterfaceOrientationLandscapeRight";
				LD_RUNPATH_SEARCH_PATHS = (
					"$(inherited)",
					"@executable_path/Frameworks",
				);
				MARKETING_VERSION = 1.0.0;
				PRODUCT_BUNDLE_IDENTIFIER = com.elabvision.LearnGit;
				PRODUCT_NAME = "$(TARGET_NAME)";
				SWIFT_EMIT_LOC_STRINGS = YES;
				SWIFT_VERSION = 5.0;
				TARGETED_DEVICE_FAMILY = "1,2";
			};
			name = Debug;
		};
		6B3F5C532B2E9F54000CF0CB /* Release */ = {
			isa = XCBuildConfiguration;
			buildSettings = {
				ASSETCATALOG_COMPILER_APPICON_NAME = AppIcon;
				ASSETCATALOG_COMPILER_GLOBAL_ACCENT_COLOR_NAME = AccentColor;
				CODE_SIGN_STYLE = Automatic;
				CURRENT_PROJECT_VERSION = 2;
				DEVELOPMENT_TEAM = JBV3W4KY5D;
				GENERATE_INFOPLIST_FILE = YES;
				INFOPLIST_FILE = LearnGit/Info.plist;
				INFOPLIST_KEY_UIApplicationSupportsIndirectInputEvents = YES;
				INFOPLIST_KEY_UILaunchStoryboardName = LaunchScreen;
				INFOPLIST_KEY_UIMainStoryboardFile = Main;
				INFOPLIST_KEY_UISupportedInterfaceOrientations_iPad = "UIInterfaceOrientationPortrait UIInterfaceOrientationPortraitUpsideDown UIInterfaceOrientationLandscapeLeft UIInterfaceOrientationLandscapeRight";
				INFOPLIST_KEY_UISupportedInterfaceOrientations_iPhone = "UIInterfaceOrientationPortrait UIInterfaceOrientationLandscapeLeft UIInterfaceOrientationLandscapeRight";
				LD_RUNPATH_SEARCH_PATHS = (
					"$(inherited)",
					"@executable_path/Frameworks",
				);
				MARKETING_VERSION = 1.0.0;
				PRODUCT_BUNDLE_IDENTIFIER = com.elabvision.LearnGit;
				PRODUCT_NAME = "$(TARGET_NAME)";
				SWIFT_EMIT_LOC_STRINGS = YES;
				SWIFT_VERSION = 5.0;
				TARGETED_DEVICE_FAMILY = "1,2";
			};
			name = Release;
		};
		6B3F5C552B2E9F54000CF0CB /* Debug */ = {
			isa = XCBuildConfiguration;
			buildSettings = {
				ALWAYS_EMBED_SWIFT_STANDARD_LIBRARIES = YES;
				BUNDLE_LOADER = "$(TEST_HOST)";
				CODE_SIGN_STYLE = Automatic;
				CURRENT_PROJECT_VERSION = 1;
				DEVELOPMENT_TEAM = JBV3W4KY5D;
				GENERATE_INFOPLIST_FILE = YES;
				IPHONEOS_DEPLOYMENT_TARGET = 17.0;
				MARKETING_VERSION = 1.0;
				PRODUCT_BUNDLE_IDENTIFIER = com.elabvision.LearnGitTests;
				PRODUCT_NAME = "$(TARGET_NAME)";
				SWIFT_EMIT_LOC_STRINGS = NO;
				SWIFT_VERSION = 5.0;
				TARGETED_DEVICE_FAMILY = "1,2";
				TEST_HOST = "$(BUILT_PRODUCTS_DIR)/LearnGit.app/$(BUNDLE_EXECUTABLE_FOLDER_PATH)/LearnGit";
			};
			name = Debug;
		};
		6B3F5C562B2E9F54000CF0CB /* Release */ = {
			isa = XCBuildConfiguration;
			buildSettings = {
				ALWAYS_EMBED_SWIFT_STANDARD_LIBRARIES = YES;
				BUNDLE_LOADER = "$(TEST_HOST)";
				CODE_SIGN_STYLE = Automatic;
				CURRENT_PROJECT_VERSION = 1;
				DEVELOPMENT_TEAM = JBV3W4KY5D;
				GENERATE_INFOPLIST_FILE = YES;
				IPHONEOS_DEPLOYMENT_TARGET = 17.0;
				MARKETING_VERSION = 1.0;
				PRODUCT_BUNDLE_IDENTIFIER = com.elabvision.LearnGitTests;
				PRODUCT_NAME = "$(TARGET_NAME)";
				SWIFT_EMIT_LOC_STRINGS = NO;
				SWIFT_VERSION = 5.0;
				TARGETED_DEVICE_FAMILY = "1,2";
				TEST_HOST = "$(BUILT_PRODUCTS_DIR)/LearnGit.app/$(BUNDLE_EXECUTABLE_FOLDER_PATH)/LearnGit";
			};
			name = Release;
		};
		6B3F5C582B2E9F54000CF0CB /* Debug */ = {
			isa = XCBuildConfiguration;
			buildSettings = {
				ALWAYS_EMBED_SWIFT_STANDARD_LIBRARIES = YES;
				CODE_SIGN_STYLE = Automatic;
				CURRENT_PROJECT_VERSION = 1;
				DEVELOPMENT_TEAM = JBV3W4KY5D;
				GENERATE_INFOPLIST_FILE = YES;
				MARKETING_VERSION = 1.0;
				PRODUCT_BUNDLE_IDENTIFIER = com.elabvision.LearnGitUITests;
				PRODUCT_NAME = "$(TARGET_NAME)";
				SWIFT_EMIT_LOC_STRINGS = NO;
				SWIFT_VERSION = 5.0;
				TARGETED_DEVICE_FAMILY = "1,2";
				TEST_TARGET_NAME = LearnGit;
			};
			name = Debug;
		};
		6B3F5C592B2E9F54000CF0CB /* Release */ = {
			isa = XCBuildConfiguration;
			buildSettings = {
				ALWAYS_EMBED_SWIFT_STANDARD_LIBRARIES = YES;
				CODE_SIGN_STYLE = Automatic;
				CURRENT_PROJECT_VERSION = 1;
				DEVELOPMENT_TEAM = JBV3W4KY5D;
				GENERATE_INFOPLIST_FILE = YES;
				MARKETING_VERSION = 1.0;
				PRODUCT_BUNDLE_IDENTIFIER = com.elabvision.LearnGitUITests;
				PRODUCT_NAME = "$(TARGET_NAME)";
				SWIFT_EMIT_LOC_STRINGS = NO;
				SWIFT_VERSION = 5.0;
				TARGETED_DEVICE_FAMILY = "1,2";
				TEST_TARGET_NAME = LearnGit;
			};
			name = Release;
		};
/* End XCBuildConfiguration section */

/* Begin XCConfigurationList section */
		6B3F5C222B2E9F54000CF0CB /* Build configuration list for PBXProject "LearnGit" */ = {
			isa = XCConfigurationList;
			buildConfigurations = (
				6B3F5C4F2B2E9F54000CF0CB /* Debug */,
				6B3F5C502B2E9F54000CF0CB /* Release */,
			);
			defaultConfigurationIsVisible = 0;
			defaultConfigurationName = Release;
		};
		6B3F5C512B2E9F54000CF0CB /* Build configuration list for PBXNativeTarget "LearnGit" */ = {
			isa = XCConfigurationList;
			buildConfigurations = (
				6B3F5C522B2E9F54000CF0CB /* Debug */,
				6B3F5C532B2E9F54000CF0CB /* Release */,
			);
			defaultConfigurationIsVisible = 0;
			defaultConfigurationName = Release;
		};
		6B3F5C542B2E9F54000CF0CB /* Build configuration list for PBXNativeTarget "LearnGitTests" */ = {
			isa = XCConfigurationList;
			buildConfigurations = (
				6B3F5C552B2E9F54000CF0CB /* Debug */,
				6B3F5C562B2E9F54000CF0CB /* Release */,
			);
			defaultConfigurationIsVisible = 0;
			defaultConfigurationName = Release;
		};
		6B3F5C572B2E9F54000CF0CB /* Build configuration list for PBXNativeTarget "LearnGitUITests" */ = {
			isa = XCConfigurationList;
			buildConfigurations = (
				6B3F5C582B2E9F54000CF0CB /* Debug */,
				6B3F5C592B2E9F54000CF0CB /* Release */,
			);
			defaultConfigurationIsVisible = 0;
			defaultConfigurationName = Release;
		};
/* End XCConfigurationList section */
	};
	rootObject = 6B3F5C1F2B2E9F54000CF0CB /* Project object */;
}
